{
  "name": "rusty-crew",
  "version": "0.1.0",
  "lockfileVersion": 3,
  "requires": true,
  "packages": {
    "": {
      "name": "rusty-crew",
      "version": "0.1.0",
      "workspaces": [
        "ts/packages/*"
      ],
      "devDependencies": {
        "@types/node": "^22.0.0",
        "prettier": "^3.0.0",
        "typescript": "^5.8.0"
      }
    },
    "node_modules/@rusty-crew/adapter-den": {
      "resolved": "ts/packages/adapter-den",
      "link": true
    },
    "node_modules/@rusty-crew/adapter-mcp": {
      "resolved": "ts/packages/adapter-mcp",
      "link": true
    },
    "node_modules/@rusty-crew/adapter-telegram": {
      "resolved": "ts/packages/adapter-telegram",
      "link": true
    },
    "node_modules/@rusty-crew/adapter-tui": {
      "resolved": "ts/packages/adapter-tui",
      "link": true
    },
    "node_modules/@rusty-crew/brain-island": {
      "resolved": "ts/packages/brain-island",
      "link": true
    },
    "node_modules/@rusty-crew/contracts": {
      "resolved": "ts/packages/contracts",
      "link": true
    },
    "node_modules/@rusty-crew/core-bridge": {
      "resolved": "ts/packages/core-bridge",
      "link": true
    },
    "node_modules/@rusty-crew/native-bridge": {
      "resolved": "ts/packages/native-bridge",
      "link": true
    },
    "node_modules/@types/node": {
      "version": "22.19.21",
      "resolved": "https://registry.npmjs.org/@types/node/-/node-22.19.21.tgz",
      "integrity": "sha512-VMeFBSCKQKmm2swI2kW51SFusDqekC6q9trBCvJ/JliDchFSuoYYKN7yVNjPthP1HKZcx3U1gI/wTcEBjEFKTA==",
      "dev": true,
      "license": "MIT",
      "dependencies": {
        "undici-types": "~6.21.0"
      }
    },
    "node_modules/prettier": {
      "version": "3.8.4",
      "resolved": "https://registry.npmjs.org/prettier/-/prettier-3.8.4.tgz",
      "integrity": "sha512-N2MylSdi48+5N/6S5j+maeHbUSIzzZ5uOcX5Hm4QpV8Dkb1HFjfAKTKX6yNPJQD9AhcT3ifHNB66tWTTJDi11Q==",
      "dev": true,
      "license": "MIT",
      "bin": {
        "prettier": "bin/prettier.cjs"
      },
      "engines": {
        "node": ">=14"
      },
      "funding": {
        "url": "https://github.com/prettier/prettier?sponsor=1"
      }
    },
    "node_modules/typescript": {
      "version": "5.9.3",
      "resolved": "https://registry.npmjs.org/typescript/-/typescript-5.9.3.tgz",
      "integrity": "sha512-jl1vZzPDinLr9eUt3J/t7V6FgNEw9QjvBPdysz9KfQDD41fQrC2Y4vKQdiaUpFT4bXlb1RHhLpp8wtm6M5TgSw==",
      "dev": true,
      "license": "Apache-2.0",
      "bin": {
        "tsc": "bin/tsc",
        "tsserver": "bin/tsserver"
      },
      "engines": {
        "node": ">=14.17"
      }
    },
    "node_modules/undici-types": {
      "version": "6.21.0",
      "resolved": "https://registry.npmjs.org/undici-types/-/undici-types-6.21.0.tgz",
      "integrity": "sha512-iwDZqg0QAGrg9Rav5H4n0M64c3mkR59cJ6wQp+7C4nI0gsmExaedaYLNO44eT4AtBBwjbTiGPMlt2Md0T9H9JQ==",
      "dev": true,
      "license": "MIT"
    },
    "ts/packages/adapter-den": {
      "name": "@rusty-crew/adapter-den",
      "version": "0.1.0",
      "dependencies": {
        "@rusty-crew/contracts": "0.1.0"
      }
    },
    "ts/packages/adapter-mcp": {
      "name": "@rusty-crew/adapter-mcp",
      "version": "0.1.0",
      "dependencies": {
        "@rusty-crew/contracts": "0.1.0"
      }
    },
    "ts/packages/adapter-telegram": {
      "name": "@rusty-crew/adapter-telegram",
      "version": "0.1.0",
      "dependencies": {
        "@rusty-crew/contracts": "0.1.0"
      }
    },
    "ts/packages/adapter-tui": {
      "name": "@rusty-crew/adapter-tui",
      "version": "0.1.0",
      "dependencies": {
        "@rusty-crew/contracts": "0.1.0"
      }
    },
    "ts/packages/brain-island": {
      "name": "@rusty-crew/brain-island",
      "version": "0.1.0",
      "dependencies": {
        "@rusty-crew/contracts": "0.1.0"
      },
      "peerDependencies": {
        "@earendil-works/pi-agent-core": "*",
        "@earendil-works/pi-ai": "*"
      },
      "peerDependenciesMeta": {
        "@earendil-works/pi-agent-core": {
          "optional": true
        },
        "@earendil-works/pi-ai": {
          "optional": true
        }
      }
    },
    "ts/packages/contracts": {
      "name": "@rusty-crew/contracts",
      "version": "0.1.0"
    },
    "ts/packages/core-bridge": {
      "name": "@rusty-crew/core-bridge",
      "version": "0.1.0",
      "dependencies": {
        "@rusty-crew/contracts": "0.1.0",
        "@rusty-crew/native-bridge": "0.1.0"
      }
    },
    "ts/packages/native-bridge": {
      "name": "@rusty-crew/native-bridge",
      "version": "0.1.0"
    }
  }
}
